{
  "version": 4,
  "terraform_version": "1.12.2",
  "serial": 4,
  "lineage": "0f257733-e83c-d099-f89b-0ecba41c33b3",
  "outputs": {},
  "resources": [
    {
      "mode": "managed",
      "type": "azurerm_app_service",
      "name": "webapp",
      "provider": "provider[\"registry.terraform.io/hashicorp/azurerm\"]",
      "instances": [
        {
          "schema_version": 0,
          "attributes": {
            "app_service_plan_id": "/subscriptions/ec085cf4-a78c-4188-86ce-310256fd74a1/resourceGroups/romi-node-rg/providers/Microsoft.Web/serverFarms/romi-node-plan",
            "app_settings": {
              "WEBSITES_ENABLE_APP_SERVICE_STORAGE": "false",
              "WEBSITES_PORT": "3000"
            },
            "auth_settings": [
              {
                "active_directory": [],
                "additional_login_params": {},
                "allowed_external_redirect_urls": [],
                "default_provider": "",
                "enabled": false,
                "facebook": [],
                "google": [],
                "issuer": "",
                "microsoft": [],
                "runtime_version": "",
                "token_refresh_extension_hours": 0,
                "token_store_enabled": false,
                "twitter": [],
                "unauthenticated_client_action": ""
              }
            ],
            "backup": [],
            "client_affinity_enabled": false,
            "client_cert_enabled": false,
            "client_cert_mode": "Required",
            "connection_string": [],
            "custom_domain_verification_id": "F62452AF2AC2230ECE7AEA7BA36CD010DC9E22481D09A976C2FD51B54A106B8B",
            "default_site_hostname": "romi-node-webapp-12345.azurewebsites.net",
            "enabled": true,
            "https_only": false,
            "id": "/subscriptions/ec085cf4-a78c-4188-86ce-310256fd74a1/resourceGroups/romi-node-rg/providers/Microsoft.Web/sites/romi-node-webapp-12345",
            "identity": [],
            "key_vault_reference_identity_id": "SystemAssigned",
            "location": "eastus",
            "logs": [
              {
                "application_logs": [
                  {
                    "azure_blob_storage": [],
                    "file_system_level": "Off"
                  }
                ],
                "detailed_error_messages_enabled": false,
                "failed_request_tracing_enabled": false,
                "http_logs": [
                  {
                    "azure_blob_storage": [],
                    "file_system": []
                  }
                ]
              }
            ],
            "name": "romi-node-webapp-12345",
            "outbound_ip_address_list": [
              "20.237.31.14",
              "20.237.31.70",
              "20.237.31.151",
              "20.237.31.157",
              "20.237.31.179",
              "20.237.31.189",
              "20.119.0.29"
            ],
            "outbound_ip_addresses": "20.237.31.14,20.237.31.70,20.237.31.151,20.237.31.157,20.237.31.179,20.237.31.189,20.119.0.29",
            "possible_outbound_ip_address_list": [
              "20.237.31.14",
              "20.237.31.70",
              "20.237.31.151",
              "20.237.31.157",
              "20.237.31.179",
              "20.237.31.189",
              "20.237.31.199",
              "20.246.136.24",
              "20.246.136.30",
              "20.246.136.97",
              "20.246.136.139",
              "20.246.137.37",
              "20.246.137.45",
              "20.246.137.75",
              "20.246.137.80",
              "20.246.137.136",
              "20.246.137.139",
              "20.246.137.154",
              "20.246.137.218",
              "20.237.24.68",
              "20.237.25.26",
              "20.237.26.79",
              "20.246.138.59",
              "20.246.138.104",
              "20.119.0.29"
            ],
            "possible_outbound_ip_addresses": "20.237.31.14,20.237.31.70,20.237.31.151,20.237.31.157,20.237.31.179,20.237.31.189,20.237.31.199,20.246.136.24,20.246.136.30,20.246.136.97,20.246.136.139,20.246.137.37,20.246.137.45,20.246.137.75,20.246.137.80,20.246.137.136,20.246.137.139,20.246.137.154,20.246.137.218,20.237.24.68,20.237.25.26,20.237.26.79,20.246.138.59,20.246.138.104,20.119.0.29",
            "resource_group_name": "romi-node-rg",
            "site_config": [
              {
                "acr_use_managed_identity_credentials": false,
                "acr_user_managed_identity_client_id": "",
                "always_on": false,
                "app_command_line": "",
                "auto_swap_slot_name": "",
                "cors": [
                  {
                    "allowed_origins": [],
                    "support_credentials": false
                  }
                ],
                "default_documents": null,
                "dotnet_framework_version": "v4.0",
                "ftps_state": "FtpsOnly",
                "health_check_path": "",
                "http2_enabled": false,
                "ip_restriction": [],
                "java_container": "",
                "java_container_version": "",
                "java_version": "",
                "linux_fx_version": "NODE|18-lts",
                "local_mysql_enabled": false,
                "managed_pipeline_mode": "Integrated",
                "min_tls_version": "1.2",
                "number_of_workers": 1,
                "php_version": "",
                "python_version": "",
                "remote_debugging_enabled": false,
                "remote_debugging_version": "VS2022",
                "scm_ip_restriction": [],
                "scm_type": "None",
                "scm_use_main_ip_restriction": false,
                "use_32_bit_worker_process": false,
                "vnet_route_all_enabled": false,
                "websockets_enabled": false,
                "windows_fx_version": ""
              }
            ],
            "site_credential": [
              {
                "password": "CbihWB0jTWPPfPdCdsRQertq6eAfo7puanQTQhmciRqHEvcXfyy64K6ovbpk",
                "username": "$romi-node-webapp-12345"
              }
            ],
            "source_control": [
              {
                "branch": "main",
                "manual_integration": false,
                "repo_url": "",
                "rollback_enabled": false,
                "use_mercurial": false
              }
            ],
            "storage_account": [],
            "tags": null,
            "timeouts": null
          },
          "sensitive_attributes": [],
          "identity_schema_version": 0,
          "private": "eyJlMmJmYjczMC1lY2FhLTExZTYtOGY4OC0zNDM2M2JjN2M0YzAiOnsiY3JlYXRlIjoxODAwMDAwMDAwMDAwLCJkZWxldGUiOjE4MDAwMDAwMDAwMDAsInJlYWQiOjMwMDAwMDAwMDAwMCwidXBkYXRlIjoxODAwMDAwMDAwMDAwfX0=",
          "dependencies": [
            "azurerm_app_service_plan.plan",
            "azurerm_resource_group.rg"
          ]
        }
      ]
    },
    {
      "mode": "managed",
      "type": "azurerm_app_service_plan",
      "name": "plan",
      "provider": "provider[\"registry.terraform.io/hashicorp/azurerm\"]",
      "instances": [
        {
          "schema_version": 1,
          "attributes": {
            "app_service_environment_id": "",
            "id": "/subscriptions/ec085cf4-a78c-4188-86ce-310256fd74a1/resourceGroups/romi-node-rg/providers/Microsoft.Web/serverFarms/romi-node-plan",
            "is_xenon": false,
            "kind": "linux",
            "location": "eastus",
            "maximum_elastic_worker_count": 1,
            "maximum_number_of_workers": 3,
            "name": "romi-node-plan",
            "per_site_scaling": false,
            "reserved": true,
            "resource_group_name": "romi-node-rg",
            "sku": [
              {
                "capacity": 1,
                "size": "B1",
                "tier": "Basic"
              }
            ],
            "tags": null,
            "timeouts": null,
            "zone_redundant": false
          },
          "sensitive_attributes": [],
          "identity_schema_version": 0,
          "private": "eyJlMmJmYjczMC1lY2FhLTExZTYtOGY4OC0zNDM2M2JjN2M0YzAiOnsiY3JlYXRlIjozNjAwMDAwMDAwMDAwLCJkZWxldGUiOjM2MDAwMDAwMDAwMDAsInJlYWQiOjMwMDAwMDAwMDAwMCwidXBkYXRlIjozNjAwMDAwMDAwMDAwfSwic2NoZW1hX3ZlcnNpb24iOiIxIn0=",
          "dependencies": [
            "azurerm_resource_group.rg"
          ]
        }
      ]
    },
    {
      "mode": "managed",
      "type": "azurerm_resource_group",
      "name": "rg",
      "provider": "provider[\"registry.terraform.io/hashicorp/azurerm\"]",
      "instances": [
        {
          "schema_version": 0,
          "attributes": {
            "id": "/subscriptions/ec085cf4-a78c-4188-86ce-310256fd74a1/resourceGroups/romi-node-rg",
            "location": "eastus",
            "managed_by": "",
            "name": "romi-node-rg",
            "tags": null,
            "timeouts": null
          },
          "sensitive_attributes": [],
          "identity_schema_version": 0,
          "private": "eyJlMmJmYjczMC1lY2FhLTExZTYtOGY4OC0zNDM2M2JjN2M0YzAiOnsiY3JlYXRlIjo1NDAwMDAwMDAwMDAwLCJkZWxldGUiOjU0MDAwMDAwMDAwMDAsInJlYWQiOjMwMDAwMDAwMDAwMCwidXBkYXRlIjo1NDAwMDAwMDAwMDAwfX0="
        }
      ]
    }
  ],
  "check_results": null
}
